
Microsoft Visual Studio Solution File, Format Version 12.00
# Visual Studio 15
VisualStudioVersion = 15.0.26730.12
MinimumVisualStudioVersion = 10.0.40219.1
Project("{FAE04EC0-301F-11D3-BF4B-00C04F79EFBC}") = "SbResultsParsing", "SbResultsParsing\SbResultsParsing.csproj", "{8E7C618B-E132-46A9-AAFE-7548C44F5EEC}"
EndProject
Global
	GlobalSection(SolutionConfigurationPlatforms) = preSolution
		Debug|Any CPU = Debug|Any CPU
		Release|Any CPU = Release|Any CPU
	EndGlobalSection
	GlobalSection(ProjectConfigurationPlatforms) = postSolution
		{8E7C618B-E132-46A9-AAFE-7548C44F5EEC}.Debug|Any CPU.ActiveCfg = Debug|Any CPU
		{8E7C618B-E132-46A9-AAFE-7548C44F5EEC}.Debug|Any CPU.Build.0 = Debug|Any CPU
		{8E7C618B-E132-46A9-AAFE-7548C44F5EEC}.Release|Any CPU.ActiveCfg = Release|Any CPU
		{8E7C618B-E132-46A9-AAFE-7548C44F5EEC}.Release|Any CPU.Build.0 = Release|Any CPU
	EndGlobalSection
	GlobalSection(SolutionProperties) = preSolution
		HideSolutionNode = FALSE
	EndGlobalSection
	GlobalSection(ExtensibilityGlobals) = postSolution
		SolutionGuid = {0C1EF89F-1AE9-4015-8591-4A61795F827E}
	EndGlobalSection
EndGlobal
